
Microsoft Visual Studio Solution File, Format Version 12.00
# Visual Studio Version 17
VisualStudioVersion = 17.9.34902.65
MinimumVisualStudioVersion = 10.0.40219.1
Project("{FAE04EC0-301F-11D3-BF4B-00C04F79EFBC}") = "P3tr0viCh.IniFile", "P3tr0viCh.IniFile\P3tr0viCh.IniFile.csproj", "{559BEB1D-9F7B-4835-B26C-13FDA8CDB8E9}"
EndProject
Global
	GlobalSection(SolutionConfigurationPlatforms) = preSolution
		Debug|Any CPU = Debug|Any CPU
		Release|Any CPU = Release|Any CPU
	EndGlobalSection
	GlobalSection(ProjectConfigurationPlatforms) = postSolution
		{559BEB1D-9F7B-4835-B26C-13FDA8CDB8E9}.Debug|Any CPU.ActiveCfg = Debug|Any CPU
		{559BEB1D-9F7B-4835-B26C-13FDA8CDB8E9}.Debug|Any CPU.Build.0 = Debug|Any CPU
		{559BEB1D-9F7B-4835-B26C-13FDA8CDB8E9}.Release|Any CPU.ActiveCfg = Release|Any CPU
		{559BEB1D-9F7B-4835-B26C-13FDA8CDB8E9}.Release|Any CPU.Build.0 = Release|Any CPU
	EndGlobalSection
	GlobalSection(SolutionProperties) = preSolution
		HideSolutionNode = FALSE
	EndGlobalSection
	GlobalSection(ExtensibilityGlobals) = postSolution
		SolutionGuid = {3C82859C-A84C-494A-86DB-0C85FA93F01F}
	EndGlobalSection
EndGlobal
